
Microsoft Visual Studio Solution File, Format Version 12.00
# Visual Studio 15
VisualStudioVersion = 15.0.28307.271
MinimumVisualStudioVersion = 10.0.40219.1
Project("{8BC9CEB8-8B4A-11D0-8D11-00A0C91BC942}") = "Make Change", "Make Change\Make Change.vcxproj", "{575919D8-06C4-4E5E-B0A2-3570D73A0323}"
EndProject
Global
	GlobalSection(SolutionConfigurationPlatforms) = preSolution
		Debug|x64 = Debug|x64
		Debug|x86 = Debug|x86
		Release|x64 = Release|x64
		Release|x86 = Release|x86
	EndGlobalSection
	GlobalSection(ProjectConfigurationPlatforms) = postSolution
		{575919D8-06C4-4E5E-B0A2-3570D73A0323}.Debug|x64.ActiveCfg = Debug|x64
		{575919D8-06C4-4E5E-B0A2-3570D73A0323}.Debug|x64.Build.0 = Debug|x64
		{575919D8-06C4-4E5E-B0A2-3570D73A0323}.Debug|x86.ActiveCfg = Debug|Win32
		{575919D8-06C4-4E5E-B0A2-3570D73A0323}.Debug|x86.Build.0 = Debug|Win32
		{575919D8-06C4-4E5E-B0A2-3570D73A0323}.Release|x64.ActiveCfg = Release|x64
		{575919D8-06C4-4E5E-B0A2-3570D73A0323}.Release|x64.Build.0 = Release|x64
		{575919D8-06C4-4E5E-B0A2-3570D73A0323}.Release|x86.ActiveCfg = Release|Win32
		{575919D8-06C4-4E5E-B0A2-3570D73A0323}.Release|x86.Build.0 = Release|Win32
	EndGlobalSection
	GlobalSection(SolutionProperties) = preSolution
		HideSolutionNode = FALSE
	EndGlobalSection
	GlobalSection(ExtensibilityGlobals) = postSolution
		SolutionGuid = {DB5E7A9A-3F9F-4CB6-822F-2D7900B18567}
	EndGlobalSection
EndGlobal
