
Microsoft Visual Studio Solution File, Format Version 12.00
# Visual Studio 15
VisualStudioVersion = 15.0.28307.271
MinimumVisualStudioVersion = 10.0.40219.1
Project("{8BC9CEB8-8B4A-11D0-8D11-00A0C91BC942}") = "Jotto", "Jotto\Jotto.vcxproj", "{660A819D-4873-4E37-8D1F-31A7F7CA6B1F}"
EndProject
Global
	GlobalSection(SolutionConfigurationPlatforms) = preSolution
		Debug|x64 = Debug|x64
		Debug|x86 = Debug|x86
		Release|x64 = Release|x64
		Release|x86 = Release|x86
	EndGlobalSection
	GlobalSection(ProjectConfigurationPlatforms) = postSolution
		{660A819D-4873-4E37-8D1F-31A7F7CA6B1F}.Debug|x64.ActiveCfg = Debug|x64
		{660A819D-4873-4E37-8D1F-31A7F7CA6B1F}.Debug|x64.Build.0 = Debug|x64
		{660A819D-4873-4E37-8D1F-31A7F7CA6B1F}.Debug|x86.ActiveCfg = Debug|Win32
		{660A819D-4873-4E37-8D1F-31A7F7CA6B1F}.Debug|x86.Build.0 = Debug|Win32
		{660A819D-4873-4E37-8D1F-31A7F7CA6B1F}.Release|x64.ActiveCfg = Release|x64
		{660A819D-4873-4E37-8D1F-31A7F7CA6B1F}.Release|x64.Build.0 = Release|x64
		{660A819D-4873-4E37-8D1F-31A7F7CA6B1F}.Release|x86.ActiveCfg = Release|Win32
		{660A819D-4873-4E37-8D1F-31A7F7CA6B1F}.Release|x86.Build.0 = Release|Win32
	EndGlobalSection
	GlobalSection(SolutionProperties) = preSolution
		HideSolutionNode = FALSE
	EndGlobalSection
	GlobalSection(ExtensibilityGlobals) = postSolution
		SolutionGuid = {D7ADA660-2D50-40AE-A644-23A0852DA11C}
	EndGlobalSection
EndGlobal
